{
  "name": "cnode",
  "version": "1.0.0",
  "lockfileVersion": 1,
  "requires": true,
  "dependencies": {
    "dayjs": {
      "version": "1.7.7",
      "resolved": "https://registry.npmjs.org/dayjs/-/dayjs-1.7.7.tgz",
      "integrity": "sha512-Qlkiu0NNDpYwhk0syK4ImvAl/5YnsEMkvC2O123INviGeOA3Q8s5VyVkZzmN5SC7Wv9bb1+rfwO+uSqtHB4UWw=="
    }
  }
}
